// !$*UTF8*$!
{
	archiveVersion = 1;
	classes = {
	};
	objectVersion = 77;
	objects = {

/* Begin PBXContainerItemProxy section */
		20EA2EDE2F2CFC7C001CF0EF /* PBXContainerItemProxy */ = {
			isa = PBXContainerItemProxy;
			containerPortal = 20EA2EBE2F2CFC7B001CF0EF /* Project object */;
			proxyType = 1;
			remoteGlobalIDString = 20EA2EC52F2CFC7B001CF0EF;
			remoteInfo = AgentDeviceRunner;
		};
/* End PBXContainerItemProxy section */

/* Begin PBXFileReference section */
		20EA2EC62F2CFC7B001CF0EF /* AgentDeviceRunner.app */ = {isa = PBXFileReference; explicitFileType = wrapper.application; includeInIndex = 0; path = AgentDeviceRunner.app; sourceTree = BUILT_PRODUCTS_DIR; };
		20EA2EDD2F2CFC7C001CF0EF /* AgentDeviceRunnerUITests.xctest */ = {isa = PBXFileReference; explicitFileType = wrapper.cfbundle; includeInIndex = 0; path = AgentDeviceRunnerUITests.xctest; sourceTree = BUILT_PRODUCTS_DIR; };
/* End PBXFileReference section */

/* Begin PBXFileSystemSynchronizedRootGroup section */
		20EA2EC82F2CFC7B001CF0EF /* AgentDeviceRunner */ = {
			isa = PBXFileSystemSynchronizedRootGroup;
			path = AgentDeviceRunner;
			sourceTree = "<group>";
		};
		20EA2EE02F2CFC7C001CF0EF /* AgentDeviceRunnerUITests */ = {
			isa = PBXFileSystemSynchronizedRootGroup;
			path = AgentDeviceRunnerUITests;
			sourceTree = "<group>";
		};
/* End PBXFileSystemSynchronizedRootGroup section */

/* Begin PBXFrameworksBuildPhase section */
		20EA2EC32F2CFC7B001CF0EF /* Frameworks */ = {
			isa = PBXFrameworksBuildPhase;
			buildActionMask = 2147483647;
			files = (
			);
			runOnlyForDeploymentPostprocessing = 0;
		};
		20EA2EDA2F2CFC7C001CF0EF /* Frameworks */ = {
			isa = PBXFrameworksBuildPhase;
			buildActionMask = 2147483647;
			files = (
			);
			runOnlyForDeploymentPostprocessing = 0;
		};
/* End PBXFrameworksBuildPhase section */

/* Begin PBXGroup section */
		20EA2EBD2F2CFC7B001CF0EF = {
			isa = PBXGroup;
			children = (
				20EA2EC82F2CFC7B001CF0EF /* AgentDeviceRunner */,
				20EA2EE02F2CFC7C001CF0EF /* AgentDeviceRunnerUITests */,
				20EA2EC72F2CFC7B001CF0EF /* Products */,
			);
			sourceTree = "<group>";
		};
		20EA2EC72F2CFC7B001CF0EF /* Products */ = {
			isa = PBXGroup;
			children = (
				20EA2EC62F2CFC7B001CF0EF /* AgentDeviceRunner.app */,
				20EA2EDD2F2CFC7C001CF0EF /* AgentDeviceRunnerUITests.xctest */,
			);
			name = Products;
			sourceTree = "<group>";
		};
/* End PBXGroup section */

/* Begin PBXNativeTarget section */
		20EA2EC52F2CFC7B001CF0EF /* AgentDeviceRunner */ = {
			isa = PBXNativeTarget;
			buildConfigurationList = 20EA2EE72F2CFC7C001CF0EF /* Build configuration list for PBXNativeTarget "AgentDeviceRunner" */;
			buildPhases = (
				20EA2EC22F2CFC7B001CF0EF /* Sources */,
				20EA2EC32F2CFC7B001CF0EF /* Frameworks */,
				20EA2EC42F2CFC7B001CF0EF /* Resources */,
			);
			buildRules = (
			);
			dependencies = (
			);
			fileSystemSynchronizedGroups = (
				20EA2EC82F2CFC7B001CF0EF /* AgentDeviceRunner */,
			);
			name = AgentDeviceRunner;
			packageProductDependencies = (
			);
			productName = AgentDeviceRunner;
			productReference = 20EA2EC62F2CFC7B001CF0EF /* AgentDeviceRunner.app */;
			productType = "com.apple.product-type.application";
		};
		20EA2EDC2F2CFC7C001CF0EF /* AgentDeviceRunnerUITests */ = {
			isa = PBXNativeTarget;
			buildConfigurationList = 20EA2EED2F2CFC7C001CF0EF /* Build configuration list for PBXNativeTarget "AgentDeviceRunnerUITests" */;
			buildPhases = (
				20EA2ED92F2CFC7C001CF0EF /* Sources */,
				20EA2EDA2F2CFC7C001CF0EF /* Frameworks */,
				20EA2EDB2F2CFC7C001CF0EF /* Resources */,
			);
			buildRules = (
			);
			dependencies = (
				20EA2EDF2F2CFC7C001CF0EF /* PBXTargetDependency */,
			);
			fileSystemSynchronizedGroups = (
				20EA2EE02F2CFC7C001CF0EF /* AgentDeviceRunnerUITests */,
			);
			name = AgentDeviceRunnerUITests;
			packageProductDependencies = (
			);
			productName = AgentDeviceRunnerUITests;
			productReference = 20EA2EDD2F2CFC7C001CF0EF /* AgentDeviceRunnerUITests.xctest */;
			productType = "com.apple.product-type.bundle.ui-testing";
		};
/* End PBXNativeTarget section */

/* Begin PBXProject section */
		20EA2EBE2F2CFC7B001CF0EF /* Project object */ = {
			isa = PBXProject;
			attributes = {
				BuildIndependentTargetsInParallel = 1;
				LastSwiftUpdateCheck = 2600;
				LastUpgradeCheck = 2600;
				TargetAttributes = {
					20EA2EC52F2CFC7B001CF0EF = {
						CreatedOnToolsVersion = 26.0;
					};
					20EA2EDC2F2CFC7C001CF0EF = {
						CreatedOnToolsVersion = 26.0;
						TestTargetID = 20EA2EC52F2CFC7B001CF0EF;
					};
				};
			};
			buildConfigurationList = 20EA2EC12F2CFC7B001CF0EF /* Build configuration list for PBXProject "AgentDeviceRunner" */;
			developmentRegion = en;
			hasScannedForEncodings = 0;
			knownRegions = (
				en,
				Base,
			);
			mainGroup = 20EA2EBD2F2CFC7B001CF0EF;
			minimizedProjectReferenceProxies = 1;
			preferredProjectObjectVersion = 77;
			productRefGroup = 20EA2EC72F2CFC7B001CF0EF /* Products */;
			projectDirPath = "";
			projectRoot = "";
			targets = (
				20EA2EC52F2CFC7B001CF0EF /* AgentDeviceRunner */,
				20EA2EDC2F2CFC7C001CF0EF /* AgentDeviceRunnerUITests */,
			);
		};
/* End PBXProject section */

/* Begin PBXResourcesBuildPhase section */
		20EA2EC42F2CFC7B001CF0EF /* Resources */ = {
			isa = PBXResourcesBuildPhase;
			buildActionMask = 2147483647;
			files = (
			);
			runOnlyForDeploymentPostprocessing = 0;
		};
		20EA2EDB2F2CFC7C001CF0EF /* Resources */ = {
			isa = PBXResourcesBuildPhase;
			buildActionMask = 2147483647;
			files = (
			);
			runOnlyForDeploymentPostprocessing = 0;
		};
/* End PBXResourcesBuildPhase section */

/* Begin PBXSourcesBuildPhase section */
		20EA2EC22F2CFC7B001CF0EF /* Sources */ = {
			isa = PBXSourcesBuildPhase;
			buildActionMask = 2147483647;
			files = (
			);
			runOnlyForDeploymentPostprocessing = 0;
		};
		20EA2ED92F2CFC7C001CF0EF /* Sources */ = {
			isa = PBXSourcesBuildPhase;
			buildActionMask = 2147483647;
			files = (
			);
			runOnlyForDeploymentPostprocessing = 0;
		};
/* End PBXSourcesBuildPhase section */

/* Begin PBXTargetDependency section */
		20EA2EDF2F2CFC7C001CF0EF /* PBXTargetDependency */ = {
			isa = PBXTargetDependency;
			target = 20EA2EC52F2CFC7B001CF0EF /* AgentDeviceRunner */;
			targetProxy = 20EA2EDE2F2CFC7C001CF0EF /* PBXContainerItemProxy */;
		};
/* End PBXTargetDependency section */

/* Begin XCBuildConfiguration section */
		20EA2EE52F2CFC7C001CF0EF /* Debug */ = {
			isa = XCBuildConfiguration;
			buildSettings = {
				ALWAYS_SEARCH_USER_PATHS = NO;
				AGENT_DEVICE_IOS_RUNNER_APP_BUNDLE_ID = com.callstack.agentdevice.runner;
				AGENT_DEVICE_IOS_RUNNER_TEST_BUNDLE_ID = "$(AGENT_DEVICE_IOS_RUNNER_APP_BUNDLE_ID).uitests";
				ASSETCATALOG_COMPILER_GENERATE_SWIFT_ASSET_SYMBOL_EXTENSIONS = YES;
				CLANG_ANALYZER_NONNULL = YES;
				CLANG_ANALYZER_NUMBER_OBJECT_CONVERSION = YES_AGGRESSIVE;
				CLANG_CXX_LANGUAGE_STANDARD = "gnu++20";
				CLANG_ENABLE_MODULES = YES;
				CLANG_ENABLE_OBJC_ARC = YES;
				CLANG_ENABLE_OBJC_WEAK = YES;
				CLANG_WARN_BLOCK_CAPTURE_AUTORELEASING = YES;
				CLANG_WARN_BOOL_CONVERSION = YES;
				CLANG_WARN_COMMA = YES;
				CLANG_WARN_CONSTANT_CONVERSION = YES;
				CLANG_WARN_DEPRECATED_OBJC_IMPLEMENTATIONS = YES;
				CLANG_WARN_DIRECT_OBJC_ISA_USAGE = YES_ERROR;
				CLANG_WARN_DOCUMENTATION_COMMENTS = YES;
				CLANG_WARN_EMPTY_BODY = YES;
				CLANG_WARN_ENUM_CONVERSION = YES;
				CLANG_WARN_INFINITE_RECURSION = YES;
				CLANG_WARN_INT_CONVERSION = YES;
				CLANG_WARN_NON_LITERAL_NULL_CONVERSION = YES;
				CLANG_WARN_OBJC_IMPLICIT_RETAIN_SELF = YES;
				CLANG_WARN_OBJC_LITERAL_CONVERSION = YES;
				CLANG_WARN_OBJC_ROOT_CLASS = YES_ERROR;
				CLANG_WARN_QUOTED_INCLUDE_IN_FRAMEWORK_HEADER = YES;
				CLANG_WARN_RANGE_LOOP_ANALYSIS = YES;
				CLANG_WARN_STRICT_PROTOTYPES = YES;
				CLANG_WARN_SUSPICIOUS_MOVE = YES;
				CLANG_WARN_UNGUARDED_AVAILABILITY = YES_AGGRESSIVE;
				CLANG_WARN_UNREACHABLE_CODE = YES;
				CLANG_WARN__DUPLICATE_METHOD_MATCH = YES;
				COPY_PHASE_STRIP = NO;
				DEBUG_INFORMATION_FORMAT = dwarf;
				DEVELOPMENT_TEAM = 2S799L9W4M;
				ENABLE_STRICT_OBJC_MSGSEND = YES;
				ENABLE_TESTABILITY = YES;
				ENABLE_USER_SCRIPT_SANDBOXING = YES;
				GCC_C_LANGUAGE_STANDARD = gnu17;
				GCC_DYNAMIC_NO_PIC = NO;
				GCC_NO_COMMON_BLOCKS = YES;
				GCC_OPTIMIZATION_LEVEL = 0;
				GCC_PREPROCESSOR_DEFINITIONS = (
					"DEBUG=1",
					"$(inherited)",
				);
				GCC_WARN_64_TO_32_BIT_CONVERSION = YES;
				GCC_WARN_ABOUT_RETURN_TYPE = YES_ERROR;
				GCC_WARN_UNDECLARED_SELECTOR = YES;
				GCC_WARN_UNINITIALIZED_AUTOS = YES_AGGRESSIVE;
					GCC_WARN_UNUSED_FUNCTION = YES;
					GCC_WARN_UNUSED_VARIABLE = YES;
					IPHONEOS_DEPLOYMENT_TARGET = 15.6;
					LOCALIZATION_PREFERS_STRING_CATALOGS = YES;
					MACOSX_DEPLOYMENT_TARGET = 13.0;
					MTL_ENABLE_DEBUG_INFO = INCLUDE_SOURCE;
				MTL_FAST_MATH = YES;
				ONLY_ACTIVE_ARCH = YES;
				SDKROOT = auto;
				SWIFT_ACTIVE_COMPILATION_CONDITIONS = "DEBUG $(inherited)";
				SWIFT_OPTIMIZATION_LEVEL = "-Onone";
			};
			name = Debug;
		};
		20EA2EE62F2CFC7C001CF0EF /* Release */ = {
			isa = XCBuildConfiguration;
			buildSettings = {
				ALWAYS_SEARCH_USER_PATHS = NO;
				AGENT_DEVICE_IOS_RUNNER_APP_BUNDLE_ID = com.callstack.agentdevice.runner;
				AGENT_DEVICE_IOS_RUNNER_TEST_BUNDLE_ID = "$(AGENT_DEVICE_IOS_RUNNER_APP_BUNDLE_ID).uitests";
				ASSETCATALOG_COMPILER_GENERATE_SWIFT_ASSET_SYMBOL_EXTENSIONS = YES;
				CLANG_ANALYZER_NONNULL = YES;
				CLANG_ANALYZER_NUMBER_OBJECT_CONVERSION = YES_AGGRESSIVE;
				CLANG_CXX_LANGUAGE_STANDARD = "gnu++20";
				CLANG_ENABLE_MODULES = YES;
				CLANG_ENABLE_OBJC_ARC = YES;
				CLANG_ENABLE_OBJC_WEAK = YES;
				CLANG_WARN_BLOCK_CAPTURE_AUTORELEASING = YES;
				CLANG_WARN_BOOL_CONVERSION = YES;
				CLANG_WARN_COMMA = YES;
				CLANG_WARN_CONSTANT_CONVERSION = YES;
				CLANG_WARN_DEPRECATED_OBJC_IMPLEMENTATIONS = YES;
				CLANG_WARN_DIRECT_OBJC_ISA_USAGE = YES_ERROR;
				CLANG_WARN_DOCUMENTATION_COMMENTS = YES;
				CLANG_WARN_EMPTY_BODY = YES;
				CLANG_WARN_ENUM_CONVERSION = YES;
				CLANG_WARN_INFINITE_RECURSION = YES;
				CLANG_WARN_INT_CONVERSION = YES;
				CLANG_WARN_NON_LITERAL_NULL_CONVERSION = YES;
				CLANG_WARN_OBJC_IMPLICIT_RETAIN_SELF = YES;
				CLANG_WARN_OBJC_LITERAL_CONVERSION = YES;
				CLANG_WARN_OBJC_ROOT_CLASS = YES_ERROR;
				CLANG_WARN_QUOTED_INCLUDE_IN_FRAMEWORK_HEADER = YES;
				CLANG_WARN_RANGE_LOOP_ANALYSIS = YES;
				CLANG_WARN_STRICT_PROTOTYPES = YES;
				CLANG_WARN_SUSPICIOUS_MOVE = YES;
				CLANG_WARN_UNGUARDED_AVAILABILITY = YES_AGGRESSIVE;
				CLANG_WARN_UNREACHABLE_CODE = YES;
				CLANG_WARN__DUPLICATE_METHOD_MATCH = YES;
				COPY_PHASE_STRIP = NO;
				DEBUG_INFORMATION_FORMAT = "dwarf-with-dsym";
				DEVELOPMENT_TEAM = 2S799L9W4M;
				ENABLE_NS_ASSERTIONS = NO;
				ENABLE_STRICT_OBJC_MSGSEND = YES;
				ENABLE_USER_SCRIPT_SANDBOXING = YES;
				GCC_C_LANGUAGE_STANDARD = gnu17;
				GCC_NO_COMMON_BLOCKS = YES;
				GCC_WARN_64_TO_32_BIT_CONVERSION = YES;
				GCC_WARN_ABOUT_RETURN_TYPE = YES_ERROR;
				GCC_WARN_UNDECLARED_SELECTOR = YES;
				GCC_WARN_UNINITIALIZED_AUTOS = YES_AGGRESSIVE;
					GCC_WARN_UNUSED_FUNCTION = YES;
					GCC_WARN_UNUSED_VARIABLE = YES;
					IPHONEOS_DEPLOYMENT_TARGET = 15.6;
					LOCALIZATION_PREFERS_STRING_CATALOGS = YES;
					MACOSX_DEPLOYMENT_TARGET = 13.0;
					MTL_ENABLE_DEBUG_INFO = NO;
				MTL_FAST_MATH = YES;
				SDKROOT = auto;
				SWIFT_COMPILATION_MODE = wholemodule;
				VALIDATE_PRODUCT = YES;
			};
			name = Release;
		};
		20EA2EE82F2CFC7C001CF0EF /* Debug */ = {
			isa = XCBuildConfiguration;
			buildSettings = {
				ASSETCATALOG_COMPILER_APPICON_NAME = AppIcon;
				ASSETCATALOG_COMPILER_GLOBAL_ACCENT_COLOR_NAME = AccentColor;
				CODE_SIGN_STYLE = Automatic;
				CURRENT_PROJECT_VERSION = 1;
				DEVELOPMENT_TEAM = 2S799L9W4M;
				ENABLE_PREVIEWS = YES;
				GENERATE_INFOPLIST_FILE = YES;
				INFOPLIST_KEY_UIApplicationSceneManifest_Generation = YES;
				INFOPLIST_KEY_UIApplicationSupportsIndirectInputEvents = YES;
				INFOPLIST_KEY_UILaunchScreen_Generation = YES;
					INFOPLIST_KEY_UISupportedInterfaceOrientations_iPad = "UIInterfaceOrientationPortrait UIInterfaceOrientationPortraitUpsideDown UIInterfaceOrientationLandscapeLeft UIInterfaceOrientationLandscapeRight";
					INFOPLIST_KEY_UISupportedInterfaceOrientations_iPhone = "UIInterfaceOrientationPortrait UIInterfaceOrientationLandscapeLeft UIInterfaceOrientationLandscapeRight";
					IPHONEOS_DEPLOYMENT_TARGET = 15.6;
					LD_RUNPATH_SEARCH_PATHS = (
						"$(inherited)",
						"@executable_path/Frameworks",
					);
					MACOSX_DEPLOYMENT_TARGET = 13.0;
					MARKETING_VERSION = 1.0;
				PRODUCT_BUNDLE_IDENTIFIER = "$(AGENT_DEVICE_IOS_RUNNER_APP_BUNDLE_ID)";
				PRODUCT_NAME = "$(TARGET_NAME)";
				STRING_CATALOG_GENERATE_SYMBOLS = YES;
				SWIFT_APPROACHABLE_CONCURRENCY = YES;
				SWIFT_DEFAULT_ACTOR_ISOLATION = MainActor;
				SWIFT_EMIT_LOC_STRINGS = YES;
				SWIFT_UPCOMING_FEATURE_MEMBER_IMPORT_VISIBILITY = YES;
				SWIFT_VERSION = 5.0;
					SUPPORTED_PLATFORMS = "macosx iphoneos iphonesimulator appletvos appletvsimulator";
					TARGETED_DEVICE_FAMILY = "1,2,3";
					TVOS_DEPLOYMENT_TARGET = 15.6;
			};
			name = Debug;
		};
		20EA2EE92F2CFC7C001CF0EF /* Release */ = {
			isa = XCBuildConfiguration;
			buildSettings = {
				ASSETCATALOG_COMPILER_APPICON_NAME = AppIcon;
				ASSETCATALOG_COMPILER_GLOBAL_ACCENT_COLOR_NAME = AccentColor;
				CODE_SIGN_STYLE = Automatic;
				CURRENT_PROJECT_VERSION = 1;
				DEVELOPMENT_TEAM = 2S799L9W4M;
				ENABLE_PREVIEWS = YES;
				GENERATE_INFOPLIST_FILE = YES;
				INFOPLIST_KEY_UIApplicationSceneManifest_Generation = YES;
				INFOPLIST_KEY_UIApplicationSupportsIndirectInputEvents = YES;
				INFOPLIST_KEY_UILaunchScreen_Generation = YES;
					INFOPLIST_KEY_UISupportedInterfaceOrientations_iPad = "UIInterfaceOrientationPortrait UIInterfaceOrientationPortraitUpsideDown UIInterfaceOrientationLandscapeLeft UIInterfaceOrientationLandscapeRight";
					INFOPLIST_KEY_UISupportedInterfaceOrientations_iPhone = "UIInterfaceOrientationPortrait UIInterfaceOrientationLandscapeLeft UIInterfaceOrientationLandscapeRight";
					IPHONEOS_DEPLOYMENT_TARGET = 15.6;
					LD_RUNPATH_SEARCH_PATHS = (
						"$(inherited)",
						"@executable_path/Frameworks",
					);
					MACOSX_DEPLOYMENT_TARGET = 13.0;
					MARKETING_VERSION = 1.0;
				PRODUCT_BUNDLE_IDENTIFIER = "$(AGENT_DEVICE_IOS_RUNNER_APP_BUNDLE_ID)";
				PRODUCT_NAME = "$(TARGET_NAME)";
				STRING_CATALOG_GENERATE_SYMBOLS = YES;
				SWIFT_APPROACHABLE_CONCURRENCY = YES;
				SWIFT_DEFAULT_ACTOR_ISOLATION = MainActor;
				SWIFT_EMIT_LOC_STRINGS = YES;
				SWIFT_UPCOMING_FEATURE_MEMBER_IMPORT_VISIBILITY = YES;
				SWIFT_VERSION = 5.0;
					SUPPORTED_PLATFORMS = "macosx iphoneos iphonesimulator appletvos appletvsimulator";
					TARGETED_DEVICE_FAMILY = "1,2,3";
					TVOS_DEPLOYMENT_TARGET = 15.6;
			};
			name = Release;
		};
		20EA2EEE2F2CFC7C001CF0EF /* Debug */ = {
			isa = XCBuildConfiguration;
			buildSettings = {
					"CODE_SIGN_ENTITLEMENTS[sdk=macosx*]" = AgentDeviceRunnerUITests/AgentDeviceRunnerUITests.entitlements;
					CODE_SIGN_STYLE = Automatic;
					CURRENT_PROJECT_VERSION = 1;
					DEVELOPMENT_TEAM = 2S799L9W4M;
					GENERATE_INFOPLIST_FILE = YES;
					IPHONEOS_DEPLOYMENT_TARGET = 15.6;
					MACOSX_DEPLOYMENT_TARGET = 13.0;
					MARKETING_VERSION = 1.0;
				PRODUCT_BUNDLE_IDENTIFIER = "$(AGENT_DEVICE_IOS_RUNNER_TEST_BUNDLE_ID)";
				PRODUCT_NAME = "$(TARGET_NAME)";
				STRING_CATALOG_GENERATE_SYMBOLS = NO;
				SWIFT_APPROACHABLE_CONCURRENCY = YES;
				SWIFT_EMIT_LOC_STRINGS = NO;
				SWIFT_OBJC_BRIDGING_HEADER = "AgentDeviceRunnerUITests/AgentDeviceRunnerUITests-Bridging-Header.h";
				SWIFT_UPCOMING_FEATURE_MEMBER_IMPORT_VISIBILITY = YES;
				SWIFT_VERSION = 5.0;
					SUPPORTED_PLATFORMS = "macosx iphoneos iphonesimulator appletvos appletvsimulator";
					TARGETED_DEVICE_FAMILY = "1,2,3";
					TVOS_DEPLOYMENT_TARGET = 15.6;
				TEST_TARGET_NAME = AgentDeviceRunner;
			};
			name = Debug;
		};
		20EA2EEF2F2CFC7C001CF0EF /* Release */ = {
			isa = XCBuildConfiguration;
			buildSettings = {
					"CODE_SIGN_ENTITLEMENTS[sdk=macosx*]" = AgentDeviceRunnerUITests/AgentDeviceRunnerUITests.entitlements;
					CODE_SIGN_STYLE = Automatic;
					CURRENT_PROJECT_VERSION = 1;
					DEVELOPMENT_TEAM = 2S799L9W4M;
					GENERATE_INFOPLIST_FILE = YES;
					IPHONEOS_DEPLOYMENT_TARGET = 15.6;
					MACOSX_DEPLOYMENT_TARGET = 13.0;
					MARKETING_VERSION = 1.0;
				PRODUCT_BUNDLE_IDENTIFIER = "$(AGENT_DEVICE_IOS_RUNNER_TEST_BUNDLE_ID)";
				PRODUCT_NAME = "$(TARGET_NAME)";
				STRING_CATALOG_GENERATE_SYMBOLS = NO;
				SWIFT_APPROACHABLE_CONCURRENCY = YES;
				SWIFT_EMIT_LOC_STRINGS = NO;
				SWIFT_OBJC_BRIDGING_HEADER = "AgentDeviceRunnerUITests/AgentDeviceRunnerUITests-Bridging-Header.h";
				SWIFT_UPCOMING_FEATURE_MEMBER_IMPORT_VISIBILITY = YES;
				SWIFT_VERSION = 5.0;
					SUPPORTED_PLATFORMS = "macosx iphoneos iphonesimulator appletvos appletvsimulator";
					TARGETED_DEVICE_FAMILY = "1,2,3";
					TVOS_DEPLOYMENT_TARGET = 15.6;
				TEST_TARGET_NAME = AgentDeviceRunner;
			};
			name = Release;
		};
/* End XCBuildConfiguration section */

/* Begin XCConfigurationList section */
		20EA2EC12F2CFC7B001CF0EF /* Build configuration list for PBXProject "AgentDeviceRunner" */ = {
			isa = XCConfigurationList;
			buildConfigurations = (
				20EA2EE52F2CFC7C001CF0EF /* Debug */,
				20EA2EE62F2CFC7C001CF0EF /* Release */,
			);
			defaultConfigurationIsVisible = 0;
			defaultConfigurationName = Release;
		};
		20EA2EE72F2CFC7C001CF0EF /* Build configuration list for PBXNativeTarget "AgentDeviceRunner" */ = {
			isa = XCConfigurationList;
			buildConfigurations = (
				20EA2EE82F2CFC7C001CF0EF /* Debug */,
				20EA2EE92F2CFC7C001CF0EF /* Release */,
			);
			defaultConfigurationIsVisible = 0;
			defaultConfigurationName = Release;
		};
		20EA2EED2F2CFC7C001CF0EF /* Build configuration list for PBXNativeTarget "AgentDeviceRunnerUITests" */ = {
			isa = XCConfigurationList;
			buildConfigurations = (
				20EA2EEE2F2CFC7C001CF0EF /* Debug */,
				20EA2EEF2F2CFC7C001CF0EF /* Release */,
			);
			defaultConfigurationIsVisible = 0;
			defaultConfigurationName = Release;
		};
/* End XCConfigurationList section */
	};
	rootObject = 20EA2EBE2F2CFC7B001CF0EF /* Project object */;
}
